
Microsoft Visual Studio Solution File, Format Version 12.00
# Visual Studio 2013
VisualStudioVersion = 12.0.30723.0
MinimumVisualStudioVersion = 10.0.40219.1
Project("{2150E333-8FDC-42A3-9474-1A3956D46DE8}") = "Grasshopper", "Grasshopper", "{F16366C7-5C78-4719-8DD9-4AA71818D4B9}"
	ProjectSection(SolutionItems) = preProject
		README.md = README.md
	EndProjectSection
EndProject
Project("{2150E333-8FDC-42A3-9474-1A3956D46DE8}") = "Samples", "Samples", "{8E9D8CFD-EA52-476B-AE5C-AA5911185FAF}"
	ProjectSection(SolutionItems) = preProject
		samples\todo.txt = samples\todo.txt
	EndProjectSection
EndProject
Project("{FAE04EC0-301F-11D3-BF4B-00C04F79EFBC}") = "Grasshopper.SharpDX", "src\Grasshopper.SharpDX\Grasshopper.SharpDX.csproj", "{16D068BC-44CC-44D2-AF94-B99C6DB0CE0A}"
EndProject
Project("{FAE04EC0-301F-11D3-BF4B-00C04F79EFBC}") = "Grasshopper", "src\Grasshopper\Grasshopper.csproj", "{58C365BD-0CB3-45C5-96D8-8DDFBFFA3E0A}"
EndProject
Project("{FAE04EC0-301F-11D3-BF4B-00C04F79EFBC}") = "Grasshopper.GridWorld", "src\Grasshopper.GridWorld\Grasshopper.GridWorld.csproj", "{8006A6CB-8F19-4EE1-B468-0C32FD77C8AF}"
EndProject
Project("{2150E333-8FDC-42A3-9474-1A3956D46DE8}") = "GridWorld", "GridWorld", "{0AF2DC3E-6D8E-4DC0-9E16-C87B362BB91B}"
EndProject
Project("{FAE04EC0-301F-11D3-BF4B-00C04F79EFBC}") = "SimpleScene", "samples\GridWorld\SimpleScene\SimpleScene.csproj", "{DDB958B3-1EBF-4564-A555-25A20B2F2C5B}"
EndProject
Project("{FAE04EC0-301F-11D3-BF4B-00C04F79EFBC}") = "Grasshopper.WindowsFileSystem", "src\Grasshopper.WindowsFileSystem\Grasshopper.WindowsFileSystem.csproj", "{3ADEE464-3DFB-49F7-B8F5-D0B4CFB2A4D2}"
EndProject
Project("{2150E333-8FDC-42A3-9474-1A3956D46DE8}") = "Basic", "Basic", "{E51B7083-5435-4AB8-9485-1B94DACB680F}"
EndProject
Project("{FAE04EC0-301F-11D3-BF4B-00C04F79EFBC}") = "Grasshopper.ReflectionExtensions", "src\Grasshopper.ReflectionExtensions\Grasshopper.ReflectionExtensions.csproj", "{0BEF01FC-FD77-4488-AB00-1EFF3AEC0BDA}"
EndProject
Project("{FAE04EC0-301F-11D3-BF4B-00C04F79EFBC}") = "Grasshopper.Procedural", "src\Grasshopper.Procedural\Grasshopper.Procedural.csproj", "{52EF737E-AEFB-485F-97DD-97E3FA4B9BA7}"
EndProject
Project("{FAE04EC0-301F-11D3-BF4B-00C04F79EFBC}") = "01. HelloWorld", "samples\Basic\01. HelloWorld\01. HelloWorld.csproj", "{C104D8AD-7941-4B5D-8C21-E84B6433858D}"
EndProject
Project("{FAE04EC0-301F-11D3-BF4B-00C04F79EFBC}") = "02. SimpleQuad", "samples\Basic\02. SimpleQuad\02. SimpleQuad.csproj", "{0989878D-44D6-4227-B808-58CC07E8C901}"
EndProject
Project("{FAE04EC0-301F-11D3-BF4B-00C04F79EFBC}") = "03. SimpleInstancing", "samples\Basic\03. SimpleInstancing\03. SimpleInstancing.csproj", "{5E8B2618-FC62-491C-9C43-8BBB630172A0}"
EndProject
Project("{FAE04EC0-301F-11D3-BF4B-00C04F79EFBC}") = "04. SimpleCube", "samples\Basic\04. SimpleCube\04. SimpleCube.csproj", "{3235093C-5DA8-4413-A2C1-75739CA9FCB8}"
EndProject
Project("{FAE04EC0-301F-11D3-BF4B-00C04F79EFBC}") = "05. ManyCubes", "samples\Basic\05. ManyCubes\05. ManyCubes.csproj", "{604D18F4-D81C-4760-8A29-23EF44BB58D7}"
EndProject
Global
	GlobalSection(SolutionConfigurationPlatforms) = preSolution
		Debug|Any CPU = Debug|Any CPU
		Release|Any CPU = Release|Any CPU
	EndGlobalSection
	GlobalSection(ProjectConfigurationPlatforms) = postSolution
		{16D068BC-44CC-44D2-AF94-B99C6DB0CE0A}.Debug|Any CPU.ActiveCfg = Debug|Any CPU
		{16D068BC-44CC-44D2-AF94-B99C6DB0CE0A}.Debug|Any CPU.Build.0 = Debug|Any CPU
		{16D068BC-44CC-44D2-AF94-B99C6DB0CE0A}.Release|Any CPU.ActiveCfg = Release|Any CPU
		{16D068BC-44CC-44D2-AF94-B99C6DB0CE0A}.Release|Any CPU.Build.0 = Release|Any CPU
		{58C365BD-0CB3-45C5-96D8-8DDFBFFA3E0A}.Debug|Any CPU.ActiveCfg = Debug|Any CPU
		{58C365BD-0CB3-45C5-96D8-8DDFBFFA3E0A}.Debug|Any CPU.Build.0 = Debug|Any CPU
		{58C365BD-0CB3-45C5-96D8-8DDFBFFA3E0A}.Release|Any CPU.ActiveCfg = Release|Any CPU
		{58C365BD-0CB3-45C5-96D8-8DDFBFFA3E0A}.Release|Any CPU.Build.0 = Release|Any CPU
		{8006A6CB-8F19-4EE1-B468-0C32FD77C8AF}.Debug|Any CPU.ActiveCfg = Debug|Any CPU
		{8006A6CB-8F19-4EE1-B468-0C32FD77C8AF}.Debug|Any CPU.Build.0 = Debug|Any CPU
		{8006A6CB-8F19-4EE1-B468-0C32FD77C8AF}.Release|Any CPU.ActiveCfg = Release|Any CPU
		{8006A6CB-8F19-4EE1-B468-0C32FD77C8AF}.Release|Any CPU.Build.0 = Release|Any CPU
		{DDB958B3-1EBF-4564-A555-25A20B2F2C5B}.Debug|Any CPU.ActiveCfg = Debug|Any CPU
		{DDB958B3-1EBF-4564-A555-25A20B2F2C5B}.Debug|Any CPU.Build.0 = Debug|Any CPU
		{DDB958B3-1EBF-4564-A555-25A20B2F2C5B}.Release|Any CPU.ActiveCfg = Release|Any CPU
		{DDB958B3-1EBF-4564-A555-25A20B2F2C5B}.Release|Any CPU.Build.0 = Release|Any CPU
		{3ADEE464-3DFB-49F7-B8F5-D0B4CFB2A4D2}.Debug|Any CPU.ActiveCfg = Debug|Any CPU
		{3ADEE464-3DFB-49F7-B8F5-D0B4CFB2A4D2}.Debug|Any CPU.Build.0 = Debug|Any CPU
		{3ADEE464-3DFB-49F7-B8F5-D0B4CFB2A4D2}.Release|Any CPU.ActiveCfg = Release|Any CPU
		{3ADEE464-3DFB-49F7-B8F5-D0B4CFB2A4D2}.Release|Any CPU.Build.0 = Release|Any CPU
		{0BEF01FC-FD77-4488-AB00-1EFF3AEC0BDA}.Debug|Any CPU.ActiveCfg = Debug|Any CPU
		{0BEF01FC-FD77-4488-AB00-1EFF3AEC0BDA}.Debug|Any CPU.Build.0 = Debug|Any CPU
		{0BEF01FC-FD77-4488-AB00-1EFF3AEC0BDA}.Release|Any CPU.ActiveCfg = Release|Any CPU
		{0BEF01FC-FD77-4488-AB00-1EFF3AEC0BDA}.Release|Any CPU.Build.0 = Release|Any CPU
		{52EF737E-AEFB-485F-97DD-97E3FA4B9BA7}.Debug|Any CPU.ActiveCfg = Debug|Any CPU
		{52EF737E-AEFB-485F-97DD-97E3FA4B9BA7}.Debug|Any CPU.Build.0 = Debug|Any CPU
		{52EF737E-AEFB-485F-97DD-97E3FA4B9BA7}.Release|Any CPU.ActiveCfg = Release|Any CPU
		{52EF737E-AEFB-485F-97DD-97E3FA4B9BA7}.Release|Any CPU.Build.0 = Release|Any CPU
		{C104D8AD-7941-4B5D-8C21-E84B6433858D}.Debug|Any CPU.ActiveCfg = Debug|Any CPU
		{C104D8AD-7941-4B5D-8C21-E84B6433858D}.Debug|Any CPU.Build.0 = Debug|Any CPU
		{C104D8AD-7941-4B5D-8C21-E84B6433858D}.Release|Any CPU.ActiveCfg = Release|Any CPU
		{C104D8AD-7941-4B5D-8C21-E84B6433858D}.Release|Any CPU.Build.0 = Release|Any CPU
		{0989878D-44D6-4227-B808-58CC07E8C901}.Debug|Any CPU.ActiveCfg = Debug|Any CPU
		{0989878D-44D6-4227-B808-58CC07E8C901}.Debug|Any CPU.Build.0 = Debug|Any CPU
		{0989878D-44D6-4227-B808-58CC07E8C901}.Release|Any CPU.ActiveCfg = Release|Any CPU
		{0989878D-44D6-4227-B808-58CC07E8C901}.Release|Any CPU.Build.0 = Release|Any CPU
		{5E8B2618-FC62-491C-9C43-8BBB630172A0}.Debug|Any CPU.ActiveCfg = Debug|Any CPU
		{5E8B2618-FC62-491C-9C43-8BBB630172A0}.Debug|Any CPU.Build.0 = Debug|Any CPU
		{5E8B2618-FC62-491C-9C43-8BBB630172A0}.Release|Any CPU.ActiveCfg = Release|Any CPU
		{5E8B2618-FC62-491C-9C43-8BBB630172A0}.Release|Any CPU.Build.0 = Release|Any CPU
		{3235093C-5DA8-4413-A2C1-75739CA9FCB8}.Debug|Any CPU.ActiveCfg = Debug|Any CPU
		{3235093C-5DA8-4413-A2C1-75739CA9FCB8}.Debug|Any CPU.Build.0 = Debug|Any CPU
		{3235093C-5DA8-4413-A2C1-75739CA9FCB8}.Release|Any CPU.ActiveCfg = Release|Any CPU
		{3235093C-5DA8-4413-A2C1-75739CA9FCB8}.Release|Any CPU.Build.0 = Release|Any CPU
		{604D18F4-D81C-4760-8A29-23EF44BB58D7}.Debug|Any CPU.ActiveCfg = Debug|Any CPU
		{604D18F4-D81C-4760-8A29-23EF44BB58D7}.Debug|Any CPU.Build.0 = Debug|Any CPU
		{604D18F4-D81C-4760-8A29-23EF44BB58D7}.Release|Any CPU.ActiveCfg = Release|Any CPU
		{604D18F4-D81C-4760-8A29-23EF44BB58D7}.Release|Any CPU.Build.0 = Release|Any CPU
	EndGlobalSection
	GlobalSection(SolutionProperties) = preSolution
		HideSolutionNode = FALSE
	EndGlobalSection
	GlobalSection(NestedProjects) = preSolution
		{16D068BC-44CC-44D2-AF94-B99C6DB0CE0A} = {F16366C7-5C78-4719-8DD9-4AA71818D4B9}
		{58C365BD-0CB3-45C5-96D8-8DDFBFFA3E0A} = {F16366C7-5C78-4719-8DD9-4AA71818D4B9}
		{8006A6CB-8F19-4EE1-B468-0C32FD77C8AF} = {F16366C7-5C78-4719-8DD9-4AA71818D4B9}
		{0AF2DC3E-6D8E-4DC0-9E16-C87B362BB91B} = {8E9D8CFD-EA52-476B-AE5C-AA5911185FAF}
		{DDB958B3-1EBF-4564-A555-25A20B2F2C5B} = {0AF2DC3E-6D8E-4DC0-9E16-C87B362BB91B}
		{3ADEE464-3DFB-49F7-B8F5-D0B4CFB2A4D2} = {F16366C7-5C78-4719-8DD9-4AA71818D4B9}
		{E51B7083-5435-4AB8-9485-1B94DACB680F} = {8E9D8CFD-EA52-476B-AE5C-AA5911185FAF}
		{0BEF01FC-FD77-4488-AB00-1EFF3AEC0BDA} = {F16366C7-5C78-4719-8DD9-4AA71818D4B9}
		{52EF737E-AEFB-485F-97DD-97E3FA4B9BA7} = {F16366C7-5C78-4719-8DD9-4AA71818D4B9}
		{C104D8AD-7941-4B5D-8C21-E84B6433858D} = {E51B7083-5435-4AB8-9485-1B94DACB680F}
		{0989878D-44D6-4227-B808-58CC07E8C901} = {E51B7083-5435-4AB8-9485-1B94DACB680F}
		{5E8B2618-FC62-491C-9C43-8BBB630172A0} = {E51B7083-5435-4AB8-9485-1B94DACB680F}
		{3235093C-5DA8-4413-A2C1-75739CA9FCB8} = {E51B7083-5435-4AB8-9485-1B94DACB680F}
		{604D18F4-D81C-4760-8A29-23EF44BB58D7} = {E51B7083-5435-4AB8-9485-1B94DACB680F}
	EndGlobalSection
EndGlobal
