
Microsoft Visual Studio Solution File, Format Version 12.00
# Visual Studio 2013
VisualStudioVersion = 12.0.30723.0
MinimumVisualStudioVersion = 10.0.40219.1
Project("{2150E333-8FDC-42A3-9474-1A3956D46DE8}") = "Grasshopper", "Grasshopper", "{F16366C7-5C78-4719-8DD9-4AA71818D4B9}"
	ProjectSection(SolutionItems) = preProject
		README.md = README.md
	EndProjectSection
EndProject
Project("{2150E333-8FDC-42A3-9474-1A3956D46DE8}") = "Samples", "Samples", "{8E9D8CFD-EA52-476B-AE5C-AA5911185FAF}"
	ProjectSection(SolutionItems) = preProject
		samples\todo.txt = samples\todo.txt
	EndProjectSection
EndProject
Project("{2150E333-8FDC-42A3-9474-1A3956D46DE8}") = "GridWorld", "GridWorld", "{0AF2DC3E-6D8E-4DC0-9E16-C87B362BB91B}"
EndProject
Project("{FAE04EC0-301F-11D3-BF4B-00C04F79EFBC}") = "SimpleScene", "samples\GridWorld\SimpleScene\SimpleScene.csproj", "{DDB958B3-1EBF-4564-A555-25A20B2F2C5B}"
EndProject
Project("{2150E333-8FDC-42A3-9474-1A3956D46DE8}") = "Core Engine", "Core Engine", "{47241D7C-A809-46DE-9BCB-26A6A1151E96}"
EndProject
Project("{2150E333-8FDC-42A3-9474-1A3956D46DE8}") = "Game Engines", "Game Engines", "{4819E99C-7ED9-486A-A78C-A5F05D111E79}"
EndProject
Project("{FAE04EC0-301F-11D3-BF4B-00C04F79EFBC}") = "Grasshopper", "src\core-engine\Grasshopper\Grasshopper.csproj", "{58C365BD-0CB3-45C5-96D8-8DDFBFFA3E0A}"
EndProject
Project("{FAE04EC0-301F-11D3-BF4B-00C04F79EFBC}") = "Grasshopper.SharpDX", "src\core-engine\Grasshopper.SharpDX\Grasshopper.SharpDX.csproj", "{16D068BC-44CC-44D2-AF94-B99C6DB0CE0A}"
EndProject
Project("{FAE04EC0-301F-11D3-BF4B-00C04F79EFBC}") = "Grasshopper.WindowsFileSystem", "src\core-engine\Grasshopper.WindowsFileSystem\Grasshopper.WindowsFileSystem.csproj", "{3ADEE464-3DFB-49F7-B8F5-D0B4CFB2A4D2}"
EndProject
Project("{FAE04EC0-301F-11D3-BF4B-00C04F79EFBC}") = "Grasshopper.Procedural", "src\core-engine\Grasshopper.Procedural\Grasshopper.Procedural.csproj", "{52EF737E-AEFB-485F-97DD-97E3FA4B9BA7}"
EndProject
Project("{FAE04EC0-301F-11D3-BF4B-00C04F79EFBC}") = "Grasshopper.GridWorld", "src\game-engines\Grasshopper.GridWorld\Grasshopper.GridWorld.csproj", "{8006A6CB-8F19-4EE1-B468-0C32FD77C8AF}"
EndProject
Project("{FAE04EC0-301F-11D3-BF4B-00C04F79EFBC}") = "Grasshopper.CefSharp", "src\core-engine\Grasshopper.CefSharp\Grasshopper.CefSharp.csproj", "{EA7F990E-19EE-4BF8-BFD7-D3093F35A494}"
EndProject
Project("{2150E333-8FDC-42A3-9474-1A3956D46DE8}") = "Games", "Games", "{8B19C16D-4B63-4EAE-893F-B6C36A3CB93D}"
EndProject
Project("{2150E333-8FDC-42A3-9474-1A3956D46DE8}") = "Core", "Core", "{C4355DD8-EC62-4A73-8FCD-1EFB8F23D9A3}"
EndProject
Project("{FAE04EC0-301F-11D3-BF4B-00C04F79EFBC}") = "01. HelloWorld", "samples\Core\01. HelloWorld\01. HelloWorld.csproj", "{C104D8AD-7941-4B5D-8C21-E84B6433858D}"
EndProject
Project("{FAE04EC0-301F-11D3-BF4B-00C04F79EFBC}") = "02. SimpleQuad", "samples\Core\02. SimpleQuad\02. SimpleQuad.csproj", "{0989878D-44D6-4227-B808-58CC07E8C901}"
EndProject
Project("{FAE04EC0-301F-11D3-BF4B-00C04F79EFBC}") = "03. SimpleInstancing", "samples\Core\03. SimpleInstancing\03. SimpleInstancing.csproj", "{5E8B2618-FC62-491C-9C43-8BBB630172A0}"
EndProject
Project("{FAE04EC0-301F-11D3-BF4B-00C04F79EFBC}") = "04. SimpleCube", "samples\Core\04. SimpleCube\04. SimpleCube.csproj", "{3235093C-5DA8-4413-A2C1-75739CA9FCB8}"
EndProject
Project("{FAE04EC0-301F-11D3-BF4B-00C04F79EFBC}") = "05. ManyCubes", "samples\Core\05. ManyCubes\05. ManyCubes.csproj", "{604D18F4-D81C-4760-8A29-23EF44BB58D7}"
EndProject
Project("{FAE04EC0-301F-11D3-BF4B-00C04F79EFBC}") = "06. SimpleTexturedCube", "samples\Core\06. SimpleTexturedCube\06. SimpleTexturedCube.csproj", "{E3B2DD70-4C7F-4E01-9DA3-8016CBBED06E}"
EndProject
Project("{FAE04EC0-301F-11D3-BF4B-00C04F79EFBC}") = "07. ManyTexturedCubes", "samples\Core\07. ManyTexturedCubes\07. ManyTexturedCubes.csproj", "{A98021F6-DE8A-4EA6-AB81-488EFE9493A4}"
EndProject
Project("{FAE04EC0-301F-11D3-BF4B-00C04F79EFBC}") = "08. FreeLookCamera", "samples\Core\08. FreeLookCamera\08. FreeLookCamera.csproj", "{9B1A93D3-9D6F-4798-9617-7229B2F99A93}"
EndProject
Project("{FAE04EC0-301F-11D3-BF4B-00C04F79EFBC}") = "09. Compositing", "samples\Core\09. Compositing\09. Compositing.csproj", "{E905B323-CDE5-43B0-B180-E834CD7349C2}"
EndProject
Project("{FAE04EC0-301F-11D3-BF4B-00C04F79EFBC}") = "FlappyCraft", "samples\Games\FlappyCraft\FlappyCraft.csproj", "{FBADCA48-D930-4E1E-BB0A-9533CB6776DE}"
EndProject
Project("{FAE04EC0-301F-11D3-BF4B-00C04F79EFBC}") = "09. MultiTexturedCube", "samples\Core\09. MultiTexturedCube\09. MultiTexturedCube.csproj", "{CE64CD06-BA30-4164-AEF3-8FBF94C07121}"
EndProject
Global
	GlobalSection(SolutionConfigurationPlatforms) = preSolution
		Debug|Any CPU = Debug|Any CPU
		Debug|Mixed Platforms = Debug|Mixed Platforms
		Debug|x64 = Debug|x64
		Release|Any CPU = Release|Any CPU
		Release|Mixed Platforms = Release|Mixed Platforms
		Release|x64 = Release|x64
	EndGlobalSection
	GlobalSection(ProjectConfigurationPlatforms) = postSolution
		{DDB958B3-1EBF-4564-A555-25A20B2F2C5B}.Debug|Any CPU.ActiveCfg = Debug|Any CPU
		{DDB958B3-1EBF-4564-A555-25A20B2F2C5B}.Debug|Any CPU.Build.0 = Debug|Any CPU
		{DDB958B3-1EBF-4564-A555-25A20B2F2C5B}.Debug|Mixed Platforms.ActiveCfg = Debug|Any CPU
		{DDB958B3-1EBF-4564-A555-25A20B2F2C5B}.Debug|Mixed Platforms.Build.0 = Debug|Any CPU
		{DDB958B3-1EBF-4564-A555-25A20B2F2C5B}.Debug|x64.ActiveCfg = Debug|x64
		{DDB958B3-1EBF-4564-A555-25A20B2F2C5B}.Debug|x64.Build.0 = Debug|x64
		{DDB958B3-1EBF-4564-A555-25A20B2F2C5B}.Release|Any CPU.ActiveCfg = Release|Any CPU
		{DDB958B3-1EBF-4564-A555-25A20B2F2C5B}.Release|Any CPU.Build.0 = Release|Any CPU
		{DDB958B3-1EBF-4564-A555-25A20B2F2C5B}.Release|Mixed Platforms.ActiveCfg = Release|Any CPU
		{DDB958B3-1EBF-4564-A555-25A20B2F2C5B}.Release|Mixed Platforms.Build.0 = Release|Any CPU
		{DDB958B3-1EBF-4564-A555-25A20B2F2C5B}.Release|x64.ActiveCfg = Release|x64
		{DDB958B3-1EBF-4564-A555-25A20B2F2C5B}.Release|x64.Build.0 = Release|x64
		{58C365BD-0CB3-45C5-96D8-8DDFBFFA3E0A}.Debug|Any CPU.ActiveCfg = Debug|Any CPU
		{58C365BD-0CB3-45C5-96D8-8DDFBFFA3E0A}.Debug|Any CPU.Build.0 = Debug|Any CPU
		{58C365BD-0CB3-45C5-96D8-8DDFBFFA3E0A}.Debug|Mixed Platforms.ActiveCfg = Debug|Any CPU
		{58C365BD-0CB3-45C5-96D8-8DDFBFFA3E0A}.Debug|Mixed Platforms.Build.0 = Debug|Any CPU
		{58C365BD-0CB3-45C5-96D8-8DDFBFFA3E0A}.Debug|x64.ActiveCfg = Debug|x64
		{58C365BD-0CB3-45C5-96D8-8DDFBFFA3E0A}.Debug|x64.Build.0 = Debug|x64
		{58C365BD-0CB3-45C5-96D8-8DDFBFFA3E0A}.Release|Any CPU.ActiveCfg = Release|Any CPU
		{58C365BD-0CB3-45C5-96D8-8DDFBFFA3E0A}.Release|Any CPU.Build.0 = Release|Any CPU
		{58C365BD-0CB3-45C5-96D8-8DDFBFFA3E0A}.Release|Mixed Platforms.ActiveCfg = Release|Any CPU
		{58C365BD-0CB3-45C5-96D8-8DDFBFFA3E0A}.Release|Mixed Platforms.Build.0 = Release|Any CPU
		{58C365BD-0CB3-45C5-96D8-8DDFBFFA3E0A}.Release|x64.ActiveCfg = Release|x64
		{58C365BD-0CB3-45C5-96D8-8DDFBFFA3E0A}.Release|x64.Build.0 = Release|x64
		{16D068BC-44CC-44D2-AF94-B99C6DB0CE0A}.Debug|Any CPU.ActiveCfg = Debug|Any CPU
		{16D068BC-44CC-44D2-AF94-B99C6DB0CE0A}.Debug|Any CPU.Build.0 = Debug|Any CPU
		{16D068BC-44CC-44D2-AF94-B99C6DB0CE0A}.Debug|Mixed Platforms.ActiveCfg = Debug|Any CPU
		{16D068BC-44CC-44D2-AF94-B99C6DB0CE0A}.Debug|Mixed Platforms.Build.0 = Debug|Any CPU
		{16D068BC-44CC-44D2-AF94-B99C6DB0CE0A}.Debug|x64.ActiveCfg = Debug|x64
		{16D068BC-44CC-44D2-AF94-B99C6DB0CE0A}.Debug|x64.Build.0 = Debug|x64
		{16D068BC-44CC-44D2-AF94-B99C6DB0CE0A}.Release|Any CPU.ActiveCfg = Release|Any CPU
		{16D068BC-44CC-44D2-AF94-B99C6DB0CE0A}.Release|Any CPU.Build.0 = Release|Any CPU
		{16D068BC-44CC-44D2-AF94-B99C6DB0CE0A}.Release|Mixed Platforms.ActiveCfg = Release|Any CPU
		{16D068BC-44CC-44D2-AF94-B99C6DB0CE0A}.Release|Mixed Platforms.Build.0 = Release|Any CPU
		{16D068BC-44CC-44D2-AF94-B99C6DB0CE0A}.Release|x64.ActiveCfg = Release|x64
		{16D068BC-44CC-44D2-AF94-B99C6DB0CE0A}.Release|x64.Build.0 = Release|x64
		{3ADEE464-3DFB-49F7-B8F5-D0B4CFB2A4D2}.Debug|Any CPU.ActiveCfg = Debug|Any CPU
		{3ADEE464-3DFB-49F7-B8F5-D0B4CFB2A4D2}.Debug|Any CPU.Build.0 = Debug|Any CPU
		{3ADEE464-3DFB-49F7-B8F5-D0B4CFB2A4D2}.Debug|Mixed Platforms.ActiveCfg = Debug|Any CPU
		{3ADEE464-3DFB-49F7-B8F5-D0B4CFB2A4D2}.Debug|Mixed Platforms.Build.0 = Debug|Any CPU
		{3ADEE464-3DFB-49F7-B8F5-D0B4CFB2A4D2}.Debug|x64.ActiveCfg = Debug|x64
		{3ADEE464-3DFB-49F7-B8F5-D0B4CFB2A4D2}.Debug|x64.Build.0 = Debug|x64
		{3ADEE464-3DFB-49F7-B8F5-D0B4CFB2A4D2}.Release|Any CPU.ActiveCfg = Release|Any CPU
		{3ADEE464-3DFB-49F7-B8F5-D0B4CFB2A4D2}.Release|Any CPU.Build.0 = Release|Any CPU
		{3ADEE464-3DFB-49F7-B8F5-D0B4CFB2A4D2}.Release|Mixed Platforms.ActiveCfg = Release|Any CPU
		{3ADEE464-3DFB-49F7-B8F5-D0B4CFB2A4D2}.Release|Mixed Platforms.Build.0 = Release|Any CPU
		{3ADEE464-3DFB-49F7-B8F5-D0B4CFB2A4D2}.Release|x64.ActiveCfg = Release|x64
		{3ADEE464-3DFB-49F7-B8F5-D0B4CFB2A4D2}.Release|x64.Build.0 = Release|x64
		{52EF737E-AEFB-485F-97DD-97E3FA4B9BA7}.Debug|Any CPU.ActiveCfg = Debug|Any CPU
		{52EF737E-AEFB-485F-97DD-97E3FA4B9BA7}.Debug|Any CPU.Build.0 = Debug|Any CPU
		{52EF737E-AEFB-485F-97DD-97E3FA4B9BA7}.Debug|Mixed Platforms.ActiveCfg = Debug|Any CPU
		{52EF737E-AEFB-485F-97DD-97E3FA4B9BA7}.Debug|Mixed Platforms.Build.0 = Debug|Any CPU
		{52EF737E-AEFB-485F-97DD-97E3FA4B9BA7}.Debug|x64.ActiveCfg = Debug|x64
		{52EF737E-AEFB-485F-97DD-97E3FA4B9BA7}.Debug|x64.Build.0 = Debug|x64
		{52EF737E-AEFB-485F-97DD-97E3FA4B9BA7}.Release|Any CPU.ActiveCfg = Release|Any CPU
		{52EF737E-AEFB-485F-97DD-97E3FA4B9BA7}.Release|Any CPU.Build.0 = Release|Any CPU
		{52EF737E-AEFB-485F-97DD-97E3FA4B9BA7}.Release|Mixed Platforms.ActiveCfg = Release|Any CPU
		{52EF737E-AEFB-485F-97DD-97E3FA4B9BA7}.Release|Mixed Platforms.Build.0 = Release|Any CPU
		{52EF737E-AEFB-485F-97DD-97E3FA4B9BA7}.Release|x64.ActiveCfg = Release|x64
		{52EF737E-AEFB-485F-97DD-97E3FA4B9BA7}.Release|x64.Build.0 = Release|x64
		{8006A6CB-8F19-4EE1-B468-0C32FD77C8AF}.Debug|Any CPU.ActiveCfg = Debug|Any CPU
		{8006A6CB-8F19-4EE1-B468-0C32FD77C8AF}.Debug|Any CPU.Build.0 = Debug|Any CPU
		{8006A6CB-8F19-4EE1-B468-0C32FD77C8AF}.Debug|Mixed Platforms.ActiveCfg = Debug|Any CPU
		{8006A6CB-8F19-4EE1-B468-0C32FD77C8AF}.Debug|Mixed Platforms.Build.0 = Debug|Any CPU
		{8006A6CB-8F19-4EE1-B468-0C32FD77C8AF}.Debug|x64.ActiveCfg = Debug|x64
		{8006A6CB-8F19-4EE1-B468-0C32FD77C8AF}.Debug|x64.Build.0 = Debug|x64
		{8006A6CB-8F19-4EE1-B468-0C32FD77C8AF}.Release|Any CPU.ActiveCfg = Release|Any CPU
		{8006A6CB-8F19-4EE1-B468-0C32FD77C8AF}.Release|Any CPU.Build.0 = Release|Any CPU
		{8006A6CB-8F19-4EE1-B468-0C32FD77C8AF}.Release|Mixed Platforms.ActiveCfg = Release|Any CPU
		{8006A6CB-8F19-4EE1-B468-0C32FD77C8AF}.Release|Mixed Platforms.Build.0 = Release|Any CPU
		{8006A6CB-8F19-4EE1-B468-0C32FD77C8AF}.Release|x64.ActiveCfg = Release|x64
		{8006A6CB-8F19-4EE1-B468-0C32FD77C8AF}.Release|x64.Build.0 = Release|x64
		{EA7F990E-19EE-4BF8-BFD7-D3093F35A494}.Debug|Any CPU.ActiveCfg = Debug|Any CPU
		{EA7F990E-19EE-4BF8-BFD7-D3093F35A494}.Debug|Any CPU.Build.0 = Debug|Any CPU
		{EA7F990E-19EE-4BF8-BFD7-D3093F35A494}.Debug|Mixed Platforms.ActiveCfg = Debug|Any CPU
		{EA7F990E-19EE-4BF8-BFD7-D3093F35A494}.Debug|Mixed Platforms.Build.0 = Debug|Any CPU
		{EA7F990E-19EE-4BF8-BFD7-D3093F35A494}.Debug|x64.ActiveCfg = Debug|x64
		{EA7F990E-19EE-4BF8-BFD7-D3093F35A494}.Debug|x64.Build.0 = Debug|x64
		{EA7F990E-19EE-4BF8-BFD7-D3093F35A494}.Release|Any CPU.ActiveCfg = Release|Any CPU
		{EA7F990E-19EE-4BF8-BFD7-D3093F35A494}.Release|Any CPU.Build.0 = Release|Any CPU
		{EA7F990E-19EE-4BF8-BFD7-D3093F35A494}.Release|Mixed Platforms.ActiveCfg = Release|Any CPU
		{EA7F990E-19EE-4BF8-BFD7-D3093F35A494}.Release|Mixed Platforms.Build.0 = Release|Any CPU
		{EA7F990E-19EE-4BF8-BFD7-D3093F35A494}.Release|x64.ActiveCfg = Release|x64
		{EA7F990E-19EE-4BF8-BFD7-D3093F35A494}.Release|x64.Build.0 = Release|x64
		{C104D8AD-7941-4B5D-8C21-E84B6433858D}.Debug|Any CPU.ActiveCfg = Debug|Any CPU
		{C104D8AD-7941-4B5D-8C21-E84B6433858D}.Debug|Any CPU.Build.0 = Debug|Any CPU
		{C104D8AD-7941-4B5D-8C21-E84B6433858D}.Debug|Mixed Platforms.ActiveCfg = Debug|Any CPU
		{C104D8AD-7941-4B5D-8C21-E84B6433858D}.Debug|Mixed Platforms.Build.0 = Debug|Any CPU
		{C104D8AD-7941-4B5D-8C21-E84B6433858D}.Debug|x64.ActiveCfg = Debug|x64
		{C104D8AD-7941-4B5D-8C21-E84B6433858D}.Debug|x64.Build.0 = Debug|x64
		{C104D8AD-7941-4B5D-8C21-E84B6433858D}.Release|Any CPU.ActiveCfg = Release|Any CPU
		{C104D8AD-7941-4B5D-8C21-E84B6433858D}.Release|Any CPU.Build.0 = Release|Any CPU
		{C104D8AD-7941-4B5D-8C21-E84B6433858D}.Release|Mixed Platforms.ActiveCfg = Release|Any CPU
		{C104D8AD-7941-4B5D-8C21-E84B6433858D}.Release|Mixed Platforms.Build.0 = Release|Any CPU
		{C104D8AD-7941-4B5D-8C21-E84B6433858D}.Release|x64.ActiveCfg = Release|x64
		{C104D8AD-7941-4B5D-8C21-E84B6433858D}.Release|x64.Build.0 = Release|x64
		{0989878D-44D6-4227-B808-58CC07E8C901}.Debug|Any CPU.ActiveCfg = Debug|Any CPU
		{0989878D-44D6-4227-B808-58CC07E8C901}.Debug|Any CPU.Build.0 = Debug|Any CPU
		{0989878D-44D6-4227-B808-58CC07E8C901}.Debug|Mixed Platforms.ActiveCfg = Debug|Any CPU
		{0989878D-44D6-4227-B808-58CC07E8C901}.Debug|Mixed Platforms.Build.0 = Debug|Any CPU
		{0989878D-44D6-4227-B808-58CC07E8C901}.Debug|x64.ActiveCfg = Debug|x64
		{0989878D-44D6-4227-B808-58CC07E8C901}.Debug|x64.Build.0 = Debug|x64
		{0989878D-44D6-4227-B808-58CC07E8C901}.Release|Any CPU.ActiveCfg = Release|Any CPU
		{0989878D-44D6-4227-B808-58CC07E8C901}.Release|Any CPU.Build.0 = Release|Any CPU
		{0989878D-44D6-4227-B808-58CC07E8C901}.Release|Mixed Platforms.ActiveCfg = Release|Any CPU
		{0989878D-44D6-4227-B808-58CC07E8C901}.Release|Mixed Platforms.Build.0 = Release|Any CPU
		{0989878D-44D6-4227-B808-58CC07E8C901}.Release|x64.ActiveCfg = Release|x64
		{0989878D-44D6-4227-B808-58CC07E8C901}.Release|x64.Build.0 = Release|x64
		{5E8B2618-FC62-491C-9C43-8BBB630172A0}.Debug|Any CPU.ActiveCfg = Debug|Any CPU
		{5E8B2618-FC62-491C-9C43-8BBB630172A0}.Debug|Any CPU.Build.0 = Debug|Any CPU
		{5E8B2618-FC62-491C-9C43-8BBB630172A0}.Debug|Mixed Platforms.ActiveCfg = Debug|Any CPU
		{5E8B2618-FC62-491C-9C43-8BBB630172A0}.Debug|Mixed Platforms.Build.0 = Debug|Any CPU
		{5E8B2618-FC62-491C-9C43-8BBB630172A0}.Debug|x64.ActiveCfg = Debug|x64
		{5E8B2618-FC62-491C-9C43-8BBB630172A0}.Debug|x64.Build.0 = Debug|x64
		{5E8B2618-FC62-491C-9C43-8BBB630172A0}.Release|Any CPU.ActiveCfg = Release|Any CPU
		{5E8B2618-FC62-491C-9C43-8BBB630172A0}.Release|Any CPU.Build.0 = Release|Any CPU
		{5E8B2618-FC62-491C-9C43-8BBB630172A0}.Release|Mixed Platforms.ActiveCfg = Release|Any CPU
		{5E8B2618-FC62-491C-9C43-8BBB630172A0}.Release|Mixed Platforms.Build.0 = Release|Any CPU
		{5E8B2618-FC62-491C-9C43-8BBB630172A0}.Release|x64.ActiveCfg = Release|x64
		{5E8B2618-FC62-491C-9C43-8BBB630172A0}.Release|x64.Build.0 = Release|x64
		{3235093C-5DA8-4413-A2C1-75739CA9FCB8}.Debug|Any CPU.ActiveCfg = Debug|Any CPU
		{3235093C-5DA8-4413-A2C1-75739CA9FCB8}.Debug|Any CPU.Build.0 = Debug|Any CPU
		{3235093C-5DA8-4413-A2C1-75739CA9FCB8}.Debug|Mixed Platforms.ActiveCfg = Debug|Any CPU
		{3235093C-5DA8-4413-A2C1-75739CA9FCB8}.Debug|Mixed Platforms.Build.0 = Debug|Any CPU
		{3235093C-5DA8-4413-A2C1-75739CA9FCB8}.Debug|x64.ActiveCfg = Debug|x64
		{3235093C-5DA8-4413-A2C1-75739CA9FCB8}.Debug|x64.Build.0 = Debug|x64
		{3235093C-5DA8-4413-A2C1-75739CA9FCB8}.Release|Any CPU.ActiveCfg = Release|Any CPU
		{3235093C-5DA8-4413-A2C1-75739CA9FCB8}.Release|Any CPU.Build.0 = Release|Any CPU
		{3235093C-5DA8-4413-A2C1-75739CA9FCB8}.Release|Mixed Platforms.ActiveCfg = Release|Any CPU
		{3235093C-5DA8-4413-A2C1-75739CA9FCB8}.Release|Mixed Platforms.Build.0 = Release|Any CPU
		{3235093C-5DA8-4413-A2C1-75739CA9FCB8}.Release|x64.ActiveCfg = Release|x64
		{3235093C-5DA8-4413-A2C1-75739CA9FCB8}.Release|x64.Build.0 = Release|x64
		{604D18F4-D81C-4760-8A29-23EF44BB58D7}.Debug|Any CPU.ActiveCfg = Debug|Any CPU
		{604D18F4-D81C-4760-8A29-23EF44BB58D7}.Debug|Any CPU.Build.0 = Debug|Any CPU
		{604D18F4-D81C-4760-8A29-23EF44BB58D7}.Debug|Mixed Platforms.ActiveCfg = Debug|Any CPU
		{604D18F4-D81C-4760-8A29-23EF44BB58D7}.Debug|Mixed Platforms.Build.0 = Debug|Any CPU
		{604D18F4-D81C-4760-8A29-23EF44BB58D7}.Debug|x64.ActiveCfg = Debug|x64
		{604D18F4-D81C-4760-8A29-23EF44BB58D7}.Debug|x64.Build.0 = Debug|x64
		{604D18F4-D81C-4760-8A29-23EF44BB58D7}.Release|Any CPU.ActiveCfg = Release|Any CPU
		{604D18F4-D81C-4760-8A29-23EF44BB58D7}.Release|Any CPU.Build.0 = Release|Any CPU
		{604D18F4-D81C-4760-8A29-23EF44BB58D7}.Release|Mixed Platforms.ActiveCfg = Release|Any CPU
		{604D18F4-D81C-4760-8A29-23EF44BB58D7}.Release|Mixed Platforms.Build.0 = Release|Any CPU
		{604D18F4-D81C-4760-8A29-23EF44BB58D7}.Release|x64.ActiveCfg = Release|x64
		{604D18F4-D81C-4760-8A29-23EF44BB58D7}.Release|x64.Build.0 = Release|x64
		{E3B2DD70-4C7F-4E01-9DA3-8016CBBED06E}.Debug|Any CPU.ActiveCfg = Debug|Any CPU
		{E3B2DD70-4C7F-4E01-9DA3-8016CBBED06E}.Debug|Any CPU.Build.0 = Debug|Any CPU
		{E3B2DD70-4C7F-4E01-9DA3-8016CBBED06E}.Debug|Mixed Platforms.ActiveCfg = Debug|Any CPU
		{E3B2DD70-4C7F-4E01-9DA3-8016CBBED06E}.Debug|Mixed Platforms.Build.0 = Debug|Any CPU
		{E3B2DD70-4C7F-4E01-9DA3-8016CBBED06E}.Debug|x64.ActiveCfg = Debug|x64
		{E3B2DD70-4C7F-4E01-9DA3-8016CBBED06E}.Debug|x64.Build.0 = Debug|x64
		{E3B2DD70-4C7F-4E01-9DA3-8016CBBED06E}.Release|Any CPU.ActiveCfg = Release|Any CPU
		{E3B2DD70-4C7F-4E01-9DA3-8016CBBED06E}.Release|Any CPU.Build.0 = Release|Any CPU
		{E3B2DD70-4C7F-4E01-9DA3-8016CBBED06E}.Release|Mixed Platforms.ActiveCfg = Release|Any CPU
		{E3B2DD70-4C7F-4E01-9DA3-8016CBBED06E}.Release|Mixed Platforms.Build.0 = Release|Any CPU
		{E3B2DD70-4C7F-4E01-9DA3-8016CBBED06E}.Release|x64.ActiveCfg = Release|x64
		{E3B2DD70-4C7F-4E01-9DA3-8016CBBED06E}.Release|x64.Build.0 = Release|x64
		{A98021F6-DE8A-4EA6-AB81-488EFE9493A4}.Debug|Any CPU.ActiveCfg = Debug|Any CPU
		{A98021F6-DE8A-4EA6-AB81-488EFE9493A4}.Debug|Any CPU.Build.0 = Debug|Any CPU
		{A98021F6-DE8A-4EA6-AB81-488EFE9493A4}.Debug|Mixed Platforms.ActiveCfg = Debug|Any CPU
		{A98021F6-DE8A-4EA6-AB81-488EFE9493A4}.Debug|Mixed Platforms.Build.0 = Debug|Any CPU
		{A98021F6-DE8A-4EA6-AB81-488EFE9493A4}.Debug|x64.ActiveCfg = Debug|x64
		{A98021F6-DE8A-4EA6-AB81-488EFE9493A4}.Debug|x64.Build.0 = Debug|x64
		{A98021F6-DE8A-4EA6-AB81-488EFE9493A4}.Release|Any CPU.ActiveCfg = Release|Any CPU
		{A98021F6-DE8A-4EA6-AB81-488EFE9493A4}.Release|Any CPU.Build.0 = Release|Any CPU
		{A98021F6-DE8A-4EA6-AB81-488EFE9493A4}.Release|Mixed Platforms.ActiveCfg = Release|Any CPU
		{A98021F6-DE8A-4EA6-AB81-488EFE9493A4}.Release|Mixed Platforms.Build.0 = Release|Any CPU
		{A98021F6-DE8A-4EA6-AB81-488EFE9493A4}.Release|x64.ActiveCfg = Release|x64
		{A98021F6-DE8A-4EA6-AB81-488EFE9493A4}.Release|x64.Build.0 = Release|x64
		{9B1A93D3-9D6F-4798-9617-7229B2F99A93}.Debug|Any CPU.ActiveCfg = Debug|Any CPU
		{9B1A93D3-9D6F-4798-9617-7229B2F99A93}.Debug|Any CPU.Build.0 = Debug|Any CPU
		{9B1A93D3-9D6F-4798-9617-7229B2F99A93}.Debug|Mixed Platforms.ActiveCfg = Debug|Any CPU
		{9B1A93D3-9D6F-4798-9617-7229B2F99A93}.Debug|Mixed Platforms.Build.0 = Debug|Any CPU
		{9B1A93D3-9D6F-4798-9617-7229B2F99A93}.Debug|x64.ActiveCfg = Debug|x64
		{9B1A93D3-9D6F-4798-9617-7229B2F99A93}.Debug|x64.Build.0 = Debug|x64
		{9B1A93D3-9D6F-4798-9617-7229B2F99A93}.Release|Any CPU.ActiveCfg = Release|Any CPU
		{9B1A93D3-9D6F-4798-9617-7229B2F99A93}.Release|Any CPU.Build.0 = Release|Any CPU
		{9B1A93D3-9D6F-4798-9617-7229B2F99A93}.Release|Mixed Platforms.ActiveCfg = Release|Any CPU
		{9B1A93D3-9D6F-4798-9617-7229B2F99A93}.Release|Mixed Platforms.Build.0 = Release|Any CPU
		{9B1A93D3-9D6F-4798-9617-7229B2F99A93}.Release|x64.ActiveCfg = Release|x64
		{9B1A93D3-9D6F-4798-9617-7229B2F99A93}.Release|x64.Build.0 = Release|x64
		{E905B323-CDE5-43B0-B180-E834CD7349C2}.Debug|Any CPU.ActiveCfg = Debug|Any CPU
		{E905B323-CDE5-43B0-B180-E834CD7349C2}.Debug|Any CPU.Build.0 = Debug|Any CPU
		{E905B323-CDE5-43B0-B180-E834CD7349C2}.Debug|Mixed Platforms.ActiveCfg = Debug|Any CPU
		{E905B323-CDE5-43B0-B180-E834CD7349C2}.Debug|Mixed Platforms.Build.0 = Debug|Any CPU
		{E905B323-CDE5-43B0-B180-E834CD7349C2}.Debug|x64.ActiveCfg = Debug|x64
		{E905B323-CDE5-43B0-B180-E834CD7349C2}.Debug|x64.Build.0 = Debug|x64
		{E905B323-CDE5-43B0-B180-E834CD7349C2}.Release|Any CPU.ActiveCfg = Release|Any CPU
		{E905B323-CDE5-43B0-B180-E834CD7349C2}.Release|Any CPU.Build.0 = Release|Any CPU
		{E905B323-CDE5-43B0-B180-E834CD7349C2}.Release|Mixed Platforms.ActiveCfg = Release|Any CPU
		{E905B323-CDE5-43B0-B180-E834CD7349C2}.Release|Mixed Platforms.Build.0 = Release|Any CPU
		{E905B323-CDE5-43B0-B180-E834CD7349C2}.Release|x64.ActiveCfg = Release|x64
		{E905B323-CDE5-43B0-B180-E834CD7349C2}.Release|x64.Build.0 = Release|x64
		{FBADCA48-D930-4E1E-BB0A-9533CB6776DE}.Debug|Any CPU.ActiveCfg = Debug|x64
		{FBADCA48-D930-4E1E-BB0A-9533CB6776DE}.Debug|Mixed Platforms.ActiveCfg = Debug|x64
		{FBADCA48-D930-4E1E-BB0A-9533CB6776DE}.Debug|Mixed Platforms.Build.0 = Debug|x64
		{FBADCA48-D930-4E1E-BB0A-9533CB6776DE}.Debug|x64.ActiveCfg = Debug|x64
		{FBADCA48-D930-4E1E-BB0A-9533CB6776DE}.Debug|x64.Build.0 = Debug|x64
		{FBADCA48-D930-4E1E-BB0A-9533CB6776DE}.Release|Any CPU.ActiveCfg = Release|x64
		{FBADCA48-D930-4E1E-BB0A-9533CB6776DE}.Release|Mixed Platforms.ActiveCfg = Release|x64
		{FBADCA48-D930-4E1E-BB0A-9533CB6776DE}.Release|Mixed Platforms.Build.0 = Release|x64
		{FBADCA48-D930-4E1E-BB0A-9533CB6776DE}.Release|x64.ActiveCfg = Release|x64
		{FBADCA48-D930-4E1E-BB0A-9533CB6776DE}.Release|x64.Build.0 = Release|x64
		{CE64CD06-BA30-4164-AEF3-8FBF94C07121}.Debug|Any CPU.ActiveCfg = Debug|Any CPU
		{CE64CD06-BA30-4164-AEF3-8FBF94C07121}.Debug|Any CPU.Build.0 = Debug|Any CPU
		{CE64CD06-BA30-4164-AEF3-8FBF94C07121}.Debug|Mixed Platforms.ActiveCfg = Debug|Any CPU
		{CE64CD06-BA30-4164-AEF3-8FBF94C07121}.Debug|Mixed Platforms.Build.0 = Debug|Any CPU
		{CE64CD06-BA30-4164-AEF3-8FBF94C07121}.Debug|x64.ActiveCfg = Debug|x64
		{CE64CD06-BA30-4164-AEF3-8FBF94C07121}.Debug|x64.Build.0 = Debug|x64
		{CE64CD06-BA30-4164-AEF3-8FBF94C07121}.Release|Any CPU.ActiveCfg = Release|Any CPU
		{CE64CD06-BA30-4164-AEF3-8FBF94C07121}.Release|Any CPU.Build.0 = Release|Any CPU
		{CE64CD06-BA30-4164-AEF3-8FBF94C07121}.Release|Mixed Platforms.ActiveCfg = Release|Any CPU
		{CE64CD06-BA30-4164-AEF3-8FBF94C07121}.Release|Mixed Platforms.Build.0 = Release|Any CPU
		{CE64CD06-BA30-4164-AEF3-8FBF94C07121}.Release|x64.ActiveCfg = Release|Any CPU
	EndGlobalSection
	GlobalSection(SolutionProperties) = preSolution
		HideSolutionNode = FALSE
	EndGlobalSection
	GlobalSection(NestedProjects) = preSolution
		{0AF2DC3E-6D8E-4DC0-9E16-C87B362BB91B} = {8E9D8CFD-EA52-476B-AE5C-AA5911185FAF}
		{DDB958B3-1EBF-4564-A555-25A20B2F2C5B} = {0AF2DC3E-6D8E-4DC0-9E16-C87B362BB91B}
		{47241D7C-A809-46DE-9BCB-26A6A1151E96} = {F16366C7-5C78-4719-8DD9-4AA71818D4B9}
		{4819E99C-7ED9-486A-A78C-A5F05D111E79} = {F16366C7-5C78-4719-8DD9-4AA71818D4B9}
		{58C365BD-0CB3-45C5-96D8-8DDFBFFA3E0A} = {47241D7C-A809-46DE-9BCB-26A6A1151E96}
		{16D068BC-44CC-44D2-AF94-B99C6DB0CE0A} = {47241D7C-A809-46DE-9BCB-26A6A1151E96}
		{3ADEE464-3DFB-49F7-B8F5-D0B4CFB2A4D2} = {47241D7C-A809-46DE-9BCB-26A6A1151E96}
		{52EF737E-AEFB-485F-97DD-97E3FA4B9BA7} = {47241D7C-A809-46DE-9BCB-26A6A1151E96}
		{8006A6CB-8F19-4EE1-B468-0C32FD77C8AF} = {4819E99C-7ED9-486A-A78C-A5F05D111E79}
		{EA7F990E-19EE-4BF8-BFD7-D3093F35A494} = {47241D7C-A809-46DE-9BCB-26A6A1151E96}
		{8B19C16D-4B63-4EAE-893F-B6C36A3CB93D} = {8E9D8CFD-EA52-476B-AE5C-AA5911185FAF}
		{C4355DD8-EC62-4A73-8FCD-1EFB8F23D9A3} = {8E9D8CFD-EA52-476B-AE5C-AA5911185FAF}
		{C104D8AD-7941-4B5D-8C21-E84B6433858D} = {C4355DD8-EC62-4A73-8FCD-1EFB8F23D9A3}
		{0989878D-44D6-4227-B808-58CC07E8C901} = {C4355DD8-EC62-4A73-8FCD-1EFB8F23D9A3}
		{5E8B2618-FC62-491C-9C43-8BBB630172A0} = {C4355DD8-EC62-4A73-8FCD-1EFB8F23D9A3}
		{3235093C-5DA8-4413-A2C1-75739CA9FCB8} = {C4355DD8-EC62-4A73-8FCD-1EFB8F23D9A3}
		{604D18F4-D81C-4760-8A29-23EF44BB58D7} = {C4355DD8-EC62-4A73-8FCD-1EFB8F23D9A3}
		{E3B2DD70-4C7F-4E01-9DA3-8016CBBED06E} = {C4355DD8-EC62-4A73-8FCD-1EFB8F23D9A3}
		{A98021F6-DE8A-4EA6-AB81-488EFE9493A4} = {C4355DD8-EC62-4A73-8FCD-1EFB8F23D9A3}
		{9B1A93D3-9D6F-4798-9617-7229B2F99A93} = {C4355DD8-EC62-4A73-8FCD-1EFB8F23D9A3}
		{E905B323-CDE5-43B0-B180-E834CD7349C2} = {C4355DD8-EC62-4A73-8FCD-1EFB8F23D9A3}
		{FBADCA48-D930-4E1E-BB0A-9533CB6776DE} = {8B19C16D-4B63-4EAE-893F-B6C36A3CB93D}
		{CE64CD06-BA30-4164-AEF3-8FBF94C07121} = {C4355DD8-EC62-4A73-8FCD-1EFB8F23D9A3}
	EndGlobalSection
EndGlobal
